PODS:
  - Alamofire (5.6.4)
  - OneSignal (3.12.3):
    - OneSignal/OneSignalCore (= 3.12.3)
    - OneSignal/OneSignalExtension (= 3.12.3)
    - OneSignal/OneSignalOutcomes (= 3.12.3)
  - OneSignal/OneSignalCore (3.12.3)
  - OneSignal/OneSignalExtension (3.12.3):
    - OneSignal/OneSignalCore
    - OneSignal/OneSignalOutcomes
  - OneSignal/OneSignalOutcomes (3.12.3):
    - OneSignal/OneSignalCore

DEPENDENCIES:
  - Alamofire
  - OneSignal

SPEC REPOS:
  trunk:
    - Alamofire
    - OneSignal

SPEC CHECKSUMS:
  Alamofire: 4e95d97098eacb88856099c4fc79b526a299e48c
  OneSignal: cdff84e3d088caf7952e30140838b2ab296c8cbc

PODFILE CHECKSUM: 599688bc3fb178d2af1dd8afab5bacffd58a24af

COCOAPODS: 1.11.3
