// !$*UTF8*$!
{
	archiveVersion = 1;
	classes = {
	};
	objectVersion = 50;
	objects = {

/* Begin PBXBuildFile section */
		92400BF0219EEA9D00CFED6A /* ListViewCell.swift in Sources */ = {isa = PBXBuildFile; fileRef = 92400BEF219EEA9D00CFED6A /* ListViewCell.swift */; };
		92433639219E8BC800EFDA8A /* UsersDefaultsManager.swift in Sources */ = {isa = PBXBuildFile; fileRef = 92433638219E8BC800EFDA8A /* UsersDefaultsManager.swift */; };
		9243363B219E8F1100EFDA8A /* ListViewController.swift in Sources */ = {isa = PBXBuildFile; fileRef = 9243363A219E8F1100EFDA8A /* ListViewController.swift */; };
		92D56DCC219DAE8D007D2E2C /* LoginViewController.swift in Sources */ = {isa = PBXBuildFile; fileRef = 92D56DCB219DAE8D007D2E2C /* LoginViewController.swift */; };
		B77CF5F2219C8B6C003FB827 /* AppDelegate.swift in Sources */ = {isa = PBXBuildFile; fileRef = B77CF5F1219C8B6C003FB827 /* AppDelegate.swift */; };
		B77CF5F7219C8B6C003FB827 /* Main.storyboard in Resources */ = {isa = PBXBuildFile; fileRef = B77CF5F5219C8B6C003FB827 /* Main.storyboard */; };
		B77CF5F9219C8B6E003FB827 /* Assets.xcassets in Resources */ = {isa = PBXBuildFile; fileRef = B77CF5F8219C8B6E003FB827 /* Assets.xcassets */; };
		B77CF5FC219C8B6E003FB827 /* LaunchScreen.storyboard in Resources */ = {isa = PBXBuildFile; fileRef = B77CF5FA219C8B6E003FB827 /* LaunchScreen.storyboard */; };
		B7FBDA44219DEB5A007D8861 /* SettingsScreen.swift in Sources */ = {isa = PBXBuildFile; fileRef = B7FBDA43219DEB5A007D8861 /* SettingsScreen.swift */; };
/* End PBXBuildFile section */

/* Begin PBXFileReference section */
		92400BEF219EEA9D00CFED6A /* ListViewCell.swift */ = {isa = PBXFileReference; lastKnownFileType = sourcecode.swift; path = ListViewCell.swift; sourceTree = "<group>"; };
		92433638219E8BC800EFDA8A /* UsersDefaultsManager.swift */ = {isa = PBXFileReference; lastKnownFileType = sourcecode.swift; path = UsersDefaultsManager.swift; sourceTree = "<group>"; };
		9243363A219E8F1100EFDA8A /* ListViewController.swift */ = {isa = PBXFileReference; lastKnownFileType = sourcecode.swift; path = ListViewController.swift; sourceTree = "<group>"; };
		92D56DCB219DAE8D007D2E2C /* LoginViewController.swift */ = {isa = PBXFileReference; lastKnownFileType = sourcecode.swift; path = LoginViewController.swift; sourceTree = "<group>"; };
		B77CF5EE219C8B6C003FB827 /* ELMA notification.app */ = {isa = PBXFileReference; explicitFileType = wrapper.application; includeInIndex = 0; path = "ELMA notification.app"; sourceTree = BUILT_PRODUCTS_DIR; };
		B77CF5F1219C8B6C003FB827 /* AppDelegate.swift */ = {isa = PBXFileReference; lastKnownFileType = sourcecode.swift; path = AppDelegate.swift; sourceTree = "<group>"; };
		B77CF5F6219C8B6C003FB827 /* Base */ = {isa = PBXFileReference; lastKnownFileType = file.storyboard; name = Base; path = Base.lproj/Main.storyboard; sourceTree = "<group>"; };
		B77CF5F8219C8B6E003FB827 /* Assets.xcassets */ = {isa = PBXFileReference; lastKnownFileType = folder.assetcatalog; path = Assets.xcassets; sourceTree = "<group>"; };
		B77CF5FB219C8B6E003FB827 /* Base */ = {isa = PBXFileReference; lastKnownFileType = file.storyboard; name = Base; path = Base.lproj/LaunchScreen.storyboard; sourceTree = "<group>"; };
		B77CF5FD219C8B6E003FB827 /* Info.plist */ = {isa = PBXFileReference; lastKnownFileType = text.plist.xml; path = Info.plist; sourceTree = "<group>"; };
		B7FBDA43219DEB5A007D8861 /* SettingsScreen.swift */ = {isa = PBXFileReference; lastKnownFileType = sourcecode.swift; path = SettingsScreen.swift; sourceTree = "<group>"; };
/* End PBXFileReference section */

/* Begin PBXFrameworksBuildPhase section */
		B77CF5EB219C8B6C003FB827 /* Frameworks */ = {
			isa = PBXFrameworksBuildPhase;
			buildActionMask = 2147483647;
			files = (
			);
			runOnlyForDeploymentPostprocessing = 0;
		};
/* End PBXFrameworksBuildPhase section */

/* Begin PBXGroup section */
		92433637219E8BA700EFDA8A /* Core */ = {
			isa = PBXGroup;
			children = (
				92433638219E8BC800EFDA8A /* UsersDefaultsManager.swift */,
			);
			path = Core;
			sourceTree = "<group>";
		};
		B77CF5E5219C8B6C003FB827 = {
			isa = PBXGroup;
			children = (
				B77CF5F0219C8B6C003FB827 /* FMG ELMA notification */,
				B77CF5EF219C8B6C003FB827 /* Products */,
			);
			sourceTree = "<group>";
		};
		B77CF5EF219C8B6C003FB827 /* Products */ = {
			isa = PBXGroup;
			children = (
				B77CF5EE219C8B6C003FB827 /* ELMA notification.app */,
			);
			name = Products;
			sourceTree = "<group>";
		};
		B77CF5F0219C8B6C003FB827 /* FMG ELMA notification */ = {
			isa = PBXGroup;
			children = (
				92433637219E8BA700EFDA8A /* Core */,
				B77CF5F1219C8B6C003FB827 /* AppDelegate.swift */,
				92D56DCB219DAE8D007D2E2C /* LoginViewController.swift */,
				B7FBDA43219DEB5A007D8861 /* SettingsScreen.swift */,
				9243363A219E8F1100EFDA8A /* ListViewController.swift */,
				92400BEF219EEA9D00CFED6A /* ListViewCell.swift */,
				B77CF5F5219C8B6C003FB827 /* Main.storyboard */,
				B77CF5F8219C8B6E003FB827 /* Assets.xcassets */,
				B77CF5FA219C8B6E003FB827 /* LaunchScreen.storyboard */,
				B77CF5FD219C8B6E003FB827 /* Info.plist */,
			);
			path = "FMG ELMA notification";
			sourceTree = "<group>";
		};
/* End PBXGroup section */

/* Begin PBXNativeTarget section */
		B77CF5ED219C8B6C003FB827 /* ELMA notification */ = {
			isa = PBXNativeTarget;
			buildConfigurationList = B77CF600219C8B6E003FB827 /* Build configuration list for PBXNativeTarget "ELMA notification" */;
			buildPhases = (
				B77CF5EA219C8B6C003FB827 /* Sources */,
				B77CF5EB219C8B6C003FB827 /* Frameworks */,
				B77CF5EC219C8B6C003FB827 /* Resources */,
			);
			buildRules = (
			);
			dependencies = (
			);
			name = "ELMA notification";
			productName = "FMG ELMA notification";
			productReference = B77CF5EE219C8B6C003FB827 /* ELMA notification.app */;
			productType = "com.apple.product-type.application";
		};
/* End PBXNativeTarget section */

/* Begin PBXProject section */
		B77CF5E6219C8B6C003FB827 /* Project object */ = {
			isa = PBXProject;
			attributes = {
				LastSwiftUpdateCheck = 1010;
				LastUpgradeCheck = 1010;
				ORGANIZATIONNAME = "Tornike Davitashvili";
				TargetAttributes = {
					B77CF5ED219C8B6C003FB827 = {
						CreatedOnToolsVersion = 10.1;
					};
				};
			};
			buildConfigurationList = B77CF5E9219C8B6C003FB827 /* Build configuration list for PBXProject "ELMA Notification" */;
			compatibilityVersion = "Xcode 9.3";
			developmentRegion = en;
			hasScannedForEncodings = 0;
			knownRegions = (
				en,
				Base,
			);
			mainGroup = B77CF5E5219C8B6C003FB827;
			productRefGroup = B77CF5EF219C8B6C003FB827 /* Products */;
			projectDirPath = "";
			projectRoot = "";
			targets = (
				B77CF5ED219C8B6C003FB827 /* ELMA notification */,
			);
		};
/* End PBXProject section */

/* Begin PBXResourcesBuildPhase section */
		B77CF5EC219C8B6C003FB827 /* Resources */ = {
			isa = PBXResourcesBuildPhase;
			buildActionMask = 2147483647;
			files = (
				B77CF5FC219C8B6E003FB827 /* LaunchScreen.storyboard in Resources */,
				B77CF5F9219C8B6E003FB827 /* Assets.xcassets in Resources */,
				B77CF5F7219C8B6C003FB827 /* Main.storyboard in Resources */,
			);
			runOnlyForDeploymentPostprocessing = 0;
		};
/* End PBXResourcesBuildPhase section */

/* Begin PBXSourcesBuildPhase section */
		B77CF5EA219C8B6C003FB827 /* Sources */ = {
			isa = PBXSourcesBuildPhase;
			buildActionMask = 2147483647;
			files = (
				92D56DCC219DAE8D007D2E2C /* LoginViewController.swift in Sources */,
				B7FBDA44219DEB5A007D8861 /* SettingsScreen.swift in Sources */,
				92433639219E8BC800EFDA8A /* UsersDefaultsManager.swift in Sources */,
				9243363B219E8F1100EFDA8A /* ListViewController.swift in Sources */,
				92400BF0219EEA9D00CFED6A /* ListViewCell.swift in Sources */,
				B77CF5F2219C8B6C003FB827 /* AppDelegate.swift in Sources */,
			);
			runOnlyForDeploymentPostprocessing = 0;
		};
/* End PBXSourcesBuildPhase section */

/* Begin PBXVariantGroup section */
		B77CF5F5219C8B6C003FB827 /* Main.storyboard */ = {
			isa = PBXVariantGroup;
			children = (
				B77CF5F6219C8B6C003FB827 /* Base */,
			);
			name = Main.storyboard;
			sourceTree = "<group>";
		};
		B77CF5FA219C8B6E003FB827 /* LaunchScreen.storyboard */ = {
			isa = PBXVariantGroup;
			children = (
				B77CF5FB219C8B6E003FB827 /* Base */,
			);
			name = LaunchScreen.storyboard;
			sourceTree = "<group>";
		};
/* End PBXVariantGroup section */

/* Begin XCBuildConfiguration section */
		B77CF5FE219C8B6E003FB827 /* Debug */ = {
			isa = XCBuildConfiguration;
			buildSettings = {
				ALWAYS_SEARCH_USER_PATHS = NO;
				CLANG_ANALYZER_NONNULL = YES;
				CLANG_ANALYZER_NUMBER_OBJECT_CONVERSION = YES_AGGRESSIVE;
				CLANG_CXX_LANGUAGE_STANDARD = "gnu++14";
				CLANG_CXX_LIBRARY = "libc++";
				CLANG_ENABLE_MODULES = YES;
				CLANG_ENABLE_OBJC_ARC = YES;
				CLANG_ENABLE_OBJC_WEAK = YES;
				CLANG_WARN_BLOCK_CAPTURE_AUTORELEASING = YES;
				CLANG_WARN_BOOL_CONVERSION = YES;
				CLANG_WARN_COMMA = YES;
				CLANG_WARN_CONSTANT_CONVERSION = YES;
				CLANG_WARN_DEPRECATED_OBJC_IMPLEMENTATIONS = YES;
				CLANG_WARN_DIRECT_OBJC_ISA_USAGE = YES_ERROR;
				CLANG_WARN_DOCUMENTATION_COMMENTS = YES;
				CLANG_WARN_EMPTY_BODY = YES;
				CLANG_WARN_ENUM_CONVERSION = YES;
				CLANG_WARN_INFINITE_RECURSION = YES;
				CLANG_WARN_INT_CONVERSION = YES;
				CLANG_WARN_NON_LITERAL_NULL_CONVERSION = YES;
				CLANG_WARN_OBJC_IMPLICIT_RETAIN_SELF = YES;
				CLANG_WARN_OBJC_LITERAL_CONVERSION = YES;
				CLANG_WARN_OBJC_ROOT_CLASS = YES_ERROR;
				CLANG_WARN_RANGE_LOOP_ANALYSIS = YES;
				CLANG_WARN_STRICT_PROTOTYPES = YES;
				CLANG_WARN_SUSPICIOUS_MOVE = YES;
				CLANG_WARN_UNGUARDED_AVAILABILITY = YES_AGGRESSIVE;
				CLANG_WARN_UNREACHABLE_CODE = YES;
				CLANG_WARN__DUPLICATE_METHOD_MATCH = YES;
				CODE_SIGN_IDENTITY = "iPhone Developer";
				COPY_PHASE_STRIP = NO;
				DEBUG_INFORMATION_FORMAT = dwarf;
				ENABLE_STRICT_OBJC_MSGSEND = YES;
				ENABLE_TESTABILITY = YES;
				GCC_C_LANGUAGE_STANDARD = gnu11;
				GCC_DYNAMIC_NO_PIC = NO;
				GCC_NO_COMMON_BLOCKS = YES;
				GCC_OPTIMIZATION_LEVEL = 0;
				GCC_PREPROCESSOR_DEFINITIONS = (
					"DEBUG=1",
					"$(inherited)",
				);
				GCC_WARN_64_TO_32_BIT_CONVERSION = YES;
				GCC_WARN_ABOUT_RETURN_TYPE = YES_ERROR;
				GCC_WARN_UNDECLARED_SELECTOR = YES;
				GCC_WARN_UNINITIALIZED_AUTOS = YES_AGGRESSIVE;
				GCC_WARN_UNUSED_FUNCTION = YES;
				GCC_WARN_UNUSED_VARIABLE = YES;
				IPHONEOS_DEPLOYMENT_TARGET = 12.1;
				MTL_ENABLE_DEBUG_INFO = INCLUDE_SOURCE;
				MTL_FAST_MATH = YES;
				ONLY_ACTIVE_ARCH = YES;
				SDKROOT = iphoneos;
				SWIFT_ACTIVE_COMPILATION_CONDITIONS = DEBUG;
				SWIFT_OPTIMIZATION_LEVEL = "-Onone";
			};
			name = Debug;
		};
		B77CF5FF219C8B6E003FB827 /* Release */ = {
			isa = XCBuildConfiguration;
			buildSettings = {
				ALWAYS_SEARCH_USER_PATHS = NO;
				CLANG_ANALYZER_NONNULL = YES;
				CLANG_ANALYZER_NUMBER_OBJECT_CONVERSION = YES_AGGRESSIVE;
				CLANG_CXX_LANGUAGE_STANDARD = "gnu++14";
				CLANG_CXX_LIBRARY = "libc++";
				CLANG_ENABLE_MODULES = YES;
				CLANG_ENABLE_OBJC_ARC = YES;
				CLANG_ENABLE_OBJC_WEAK = YES;
				CLANG_WARN_BLOCK_CAPTURE_AUTORELEASING = YES;
				CLANG_WARN_BOOL_CONVERSION = YES;
				CLANG_WARN_COMMA = YES;
				CLANG_WARN_CONSTANT_CONVERSION = YES;
				CLANG_WARN_DEPRECATED_OBJC_IMPLEMENTATIONS = YES;
				CLANG_WARN_DIRECT_OBJC_ISA_USAGE = YES_ERROR;
				CLANG_WARN_DOCUMENTATION_COMMENTS = YES;
				CLANG_WARN_EMPTY_BODY = YES;
				CLANG_WARN_ENUM_CONVERSION = YES;
				CLANG_WARN_INFINITE_RECURSION = YES;
				CLANG_WARN_INT_CONVERSION = YES;
				CLANG_WARN_NON_LITERAL_NULL_CONVERSION = YES;
				CLANG_WARN_OBJC_IMPLICIT_RETAIN_SELF = YES;
				CLANG_WARN_OBJC_LITERAL_CONVERSION = YES;
				CLANG_WARN_OBJC_ROOT_CLASS = YES_ERROR;
				CLANG_WARN_RANGE_LOOP_ANALYSIS = YES;
				CLANG_WARN_STRICT_PROTOTYPES = YES;
				CLANG_WARN_SUSPICIOUS_MOVE = YES;
				CLANG_WARN_UNGUARDED_AVAILABILITY = YES_AGGRESSIVE;
				CLANG_WARN_UNREACHABLE_CODE = YES;
				CLANG_WARN__DUPLICATE_METHOD_MATCH = YES;
				CODE_SIGN_IDENTITY = "iPhone Developer";
				COPY_PHASE_STRIP = NO;
				DEBUG_INFORMATION_FORMAT = "dwarf-with-dsym";
				ENABLE_NS_ASSERTIONS = NO;
				ENABLE_STRICT_OBJC_MSGSEND = YES;
				GCC_C_LANGUAGE_STANDARD = gnu11;
				GCC_NO_COMMON_BLOCKS = YES;
				GCC_WARN_64_TO_32_BIT_CONVERSION = YES;
				GCC_WARN_ABOUT_RETURN_TYPE = YES_ERROR;
				GCC_WARN_UNDECLARED_SELECTOR = YES;
				GCC_WARN_UNINITIALIZED_AUTOS = YES_AGGRESSIVE;
				GCC_WARN_UNUSED_FUNCTION = YES;
				GCC_WARN_UNUSED_VARIABLE = YES;
				IPHONEOS_DEPLOYMENT_TARGET = 12.1;
				MTL_ENABLE_DEBUG_INFO = NO;
				MTL_FAST_MATH = YES;
				SDKROOT = iphoneos;
				SWIFT_COMPILATION_MODE = wholemodule;
				SWIFT_OPTIMIZATION_LEVEL = "-O";
				VALIDATE_PRODUCT = YES;
			};
			name = Release;
		};
		B77CF601219C8B6E003FB827 /* Debug */ = {
			isa = XCBuildConfiguration;
			buildSettings = {
				ASSETCATALOG_COMPILER_APPICON_NAME = AppIcon;
				CODE_SIGN_STYLE = Automatic;
				DEVELOPMENT_TEAM = JB6463FDRF;
				INFOPLIST_FILE = "FMG ELMA notification/Info.plist";
				IPHONEOS_DEPLOYMENT_TARGET = 11.0;
				LD_RUNPATH_SEARCH_PATHS = (
					"$(inherited)",
					"@executable_path/Frameworks",
				);
				PRODUCT_BUNDLE_IDENTIFIER = "fmg.FMG-ELMA-notifications";
				PRODUCT_NAME = "$(TARGET_NAME)";
				SWIFT_VERSION = 4.2;
				TARGETED_DEVICE_FAMILY = 1;
			};
			name = Debug;
		};
		B77CF602219C8B6E003FB827 /* Release */ = {
			isa = XCBuildConfiguration;
			buildSettings = {
				ASSETCATALOG_COMPILER_APPICON_NAME = AppIcon;
				CODE_SIGN_STYLE = Automatic;
				DEVELOPMENT_TEAM = JB6463FDRF;
				INFOPLIST_FILE = "FMG ELMA notification/Info.plist";
				IPHONEOS_DEPLOYMENT_TARGET = 11.0;
				LD_RUNPATH_SEARCH_PATHS = (
					"$(inherited)",
					"@executable_path/Frameworks",
				);
				PRODUCT_BUNDLE_IDENTIFIER = "fmg.FMG-ELMA-notifications";
				PRODUCT_NAME = "$(TARGET_NAME)";
				SWIFT_VERSION = 4.2;
				TARGETED_DEVICE_FAMILY = 1;
			};
			name = Release;
		};
/* End XCBuildConfiguration section */

/* Begin XCConfigurationList section */
		B77CF5E9219C8B6C003FB827 /* Build configuration list for PBXProject "ELMA Notification" */ = {
			isa = XCConfigurationList;
			buildConfigurations = (
				B77CF5FE219C8B6E003FB827 /* Debug */,
				B77CF5FF219C8B6E003FB827 /* Release */,
			);
			defaultConfigurationIsVisible = 0;
			defaultConfigurationName = Release;
		};
		B77CF600219C8B6E003FB827 /* Build configuration list for PBXNativeTarget "ELMA notification" */ = {
			isa = XCConfigurationList;
			buildConfigurations = (
				B77CF601219C8B6E003FB827 /* Debug */,
				B77CF602219C8B6E003FB827 /* Release */,
			);
			defaultConfigurationIsVisible = 0;
			defaultConfigurationName = Release;
		};
/* End XCConfigurationList section */
	};
	rootObject = B77CF5E6219C8B6C003FB827 /* Project object */;
}
